PODS:
  - Alamofire (4.0.1)
  - SDWebImage (3.7.3):
    - SDWebImage/Core (= 3.7.3)
  - SDWebImage/Core (3.7.3)
  - SwiftyJSON (3.1.0)

DEPENDENCIES:
  - Alamofire (~> 4.0)
  - SDWebImage (= 3.7.3)
  - SwiftyJSON

SPEC CHECKSUMS:
  Alamofire: 7682d43245de14874acd142ec137b144aa1dd335
  SDWebImage: 1d2b1a1efda1ade1b00b6f8498865f8ddedc8a84
  SwiftyJSON: 29b9f2a64f118c07e691667c2ba1efe536acfe0b

PODFILE CHECKSUM: 88ea145d83e3d280bf248ecb747cfc4b1a98eb3f

COCOAPODS: 1.1.0.rc.2
